
Microsoft Visual Studio Solution File, Format Version 12.00
# Visual Studio 15
Project("{FAE04EC0-301F-11D3-BF4B-00C04F79EFBC}") = "GoogleMobileAds", "GoogleMobileAds.csproj", "{EA1B3A5B-57D2-B2BC-D6A8-322A04E4FF99}"
EndProject
Project("{FAE04EC0-301F-11D3-BF4B-00C04F79EFBC}") = "Assembly-CSharp", "Assembly-CSharp.csproj", "{C774D4C9-A853-A73B-C416-606758E2FF2F}"
EndProject
Project("{FAE04EC0-301F-11D3-BF4B-00C04F79EFBC}") = "GoogleMobileAds.Editor", "GoogleMobileAds.Editor.csproj", "{E6F4FADE-93DB-2572-859A-D49D6530DD4C}"
EndProject
Global
	GlobalSection(SolutionConfigurationPlatforms) = preSolution
		Debug|Any CPU = Debug|Any CPU
		Release|Any CPU = Release|Any CPU
	EndGlobalSection
	GlobalSection(ProjectConfigurationPlatforms) = postSolution
		{EA1B3A5B-57D2-B2BC-D6A8-322A04E4FF99}.Debug|Any CPU.ActiveCfg = Debug|Any CPU
		{EA1B3A5B-57D2-B2BC-D6A8-322A04E4FF99}.Debug|Any CPU.Build.0 = Debug|Any CPU
		{EA1B3A5B-57D2-B2BC-D6A8-322A04E4FF99}.Release|Any CPU.ActiveCfg = Release|Any CPU
		{EA1B3A5B-57D2-B2BC-D6A8-322A04E4FF99}.Release|Any CPU.Build.0 = Release|Any CPU
		{C774D4C9-A853-A73B-C416-606758E2FF2F}.Debug|Any CPU.ActiveCfg = Debug|Any CPU
		{C774D4C9-A853-A73B-C416-606758E2FF2F}.Debug|Any CPU.Build.0 = Debug|Any CPU
		{C774D4C9-A853-A73B-C416-606758E2FF2F}.Release|Any CPU.ActiveCfg = Release|Any CPU
		{C774D4C9-A853-A73B-C416-606758E2FF2F}.Release|Any CPU.Build.0 = Release|Any CPU
		{E6F4FADE-93DB-2572-859A-D49D6530DD4C}.Debug|Any CPU.ActiveCfg = Debug|Any CPU
		{E6F4FADE-93DB-2572-859A-D49D6530DD4C}.Debug|Any CPU.Build.0 = Debug|Any CPU
		{E6F4FADE-93DB-2572-859A-D49D6530DD4C}.Release|Any CPU.ActiveCfg = Release|Any CPU
		{E6F4FADE-93DB-2572-859A-D49D6530DD4C}.Release|Any CPU.Build.0 = Release|Any CPU
	EndGlobalSection
	GlobalSection(SolutionProperties) = preSolution
		HideSolutionNode = FALSE
	EndGlobalSection
EndGlobal
